// !$*UTF8*$!
{
	archiveVersion = 1;
	classes = {
	};
	objectVersion = 55;
	objects = {

/* Begin PBXBuildFile section */
		000111A328E72C7A00E2CE92 /* TextDate.swift in Sources */ = {isa = PBXBuildFile; fileRef = 000111A228E72C7A00E2CE92 /* TextDate.swift */; };
		000111B028E9E3FC00E2CE92 /* ChooseTeamView.swift in Sources */ = {isa = PBXBuildFile; fileRef = 000111AF28E9E3FC00E2CE92 /* ChooseTeamView.swift */; };
		000CD2C7289F974200A004FA /* SchoolsListView.swift in Sources */ = {isa = PBXBuildFile; fileRef = 000CD2C6289F974200A004FA /* SchoolsListView.swift */; };
		0026166828D530360070FF11 /* EndOfStudyTask.swift in Sources */ = {isa = PBXBuildFile; fileRef = 0026166728D530360070FF11 /* EndOfStudyTask.swift */; };
		0026166A28D53CB60070FF11 /* EndOfStudySurveyView.swift in Sources */ = {isa = PBXBuildFile; fileRef = 0026166928D53CB60070FF11 /* EndOfStudySurveyView.swift */; };
		0026167028D8F1890070FF11 /* ForgotPasswordView.swift in Sources */ = {isa = PBXBuildFile; fileRef = 0026166F28D8F1890070FF11 /* ForgotPasswordView.swift */; };
		0026167C28E0E2A90070FF11 /* SignUpView.swift in Sources */ = {isa = PBXBuildFile; fileRef = 0026167B28E0E2A90070FF11 /* SignUpView.swift */; };
		0026168428E4F8280070FF11 /* ConsentAgreementView.swift in Sources */ = {isa = PBXBuildFile; fileRef = 0026168328E4F8270070FF11 /* ConsentAgreementView.swift */; };
		003B1CF428EDB16D00672E42 /* CheckboxField.swift in Sources */ = {isa = PBXBuildFile; fileRef = 003B1CF328EDB16D00672E42 /* CheckboxField.swift */; };
		003B1D0F28FE392100672E42 /* Settings.bundle in Resources */ = {isa = PBXBuildFile; fileRef = 003B1D0E28FE392100672E42 /* Settings.bundle */; };
		007CCA4B28BAE560000203A4 /* Secrets.swift in Sources */ = {isa = PBXBuildFile; fileRef = 007CCA4A28BAE560000203A4 /* Secrets.swift */; };
		0094744228C017E700D50140 /* GoogleService-Info.plist in Resources */ = {isa = PBXBuildFile; fileRef = 0094743E28C017E700D50140 /* GoogleService-Info.plist */; };
		0094744528C01CBA00D50140 /* FirebaseMessaging in Frameworks */ = {isa = PBXBuildFile; productRef = 0094744428C01CBA00D50140 /* FirebaseMessaging */; };
		0094744728C01CBA00D50140 /* FirebaseRemoteConfig in Frameworks */ = {isa = PBXBuildFile; productRef = 0094744628C01CBA00D50140 /* FirebaseRemoteConfig */; };
		0094744928C01CBA00D50140 /* FirebaseRemoteConfigSwift in Frameworks */ = {isa = PBXBuildFile; productRef = 0094744828C01CBA00D50140 /* FirebaseRemoteConfigSwift */; };
		0094744B28C01D8900D50140 /* HomeView.swift in Sources */ = {isa = PBXBuildFile; fileRef = 0094744A28C01D8900D50140 /* HomeView.swift */; };
		0094744D28C0314300D50140 /* LeaderboardView.swift in Sources */ = {isa = PBXBuildFile; fileRef = 0094744C28C0314300D50140 /* LeaderboardView.swift */; };
		0094744F28C0323500D50140 /* SettingsView.swift in Sources */ = {isa = PBXBuildFile; fileRef = 0094744E28C0323500D50140 /* SettingsView.swift */; };
		0094745228C3930100D50140 /* ContactListRow.swift in Sources */ = {isa = PBXBuildFile; fileRef = 0094745128C3930100D50140 /* ContactListRow.swift */; };
		00953C5828B7E03600B6CBB6 /* OutreachAttemptsListView.swift in Sources */ = {isa = PBXBuildFile; fileRef = 00953C5728B7E03600B6CBB6 /* OutreachAttemptsListView.swift */; };
		009CE5012899CA8500796313 /* Peer2PowerApp.swift in Sources */ = {isa = PBXBuildFile; fileRef = 009CE5002899CA8500796313 /* Peer2PowerApp.swift */; };
		009CE5032899CA8500796313 /* ContentView.swift in Sources */ = {isa = PBXBuildFile; fileRef = 009CE5022899CA8500796313 /* ContentView.swift */; };
		009CE5052899CA8A00796313 /* Assets.xcassets in Resources */ = {isa = PBXBuildFile; fileRef = 009CE5042899CA8A00796313 /* Assets.xcassets */; };
		009CE5082899CA8A00796313 /* Preview Assets.xcassets in Resources */ = {isa = PBXBuildFile; fileRef = 009CE5072899CA8A00796313 /* Preview Assets.xcassets */; };
		009CE5122899CA8B00796313 /* Peer2PowerTests.swift in Sources */ = {isa = PBXBuildFile; fileRef = 009CE5112899CA8B00796313 /* Peer2PowerTests.swift */; };
		009CE51C2899CA8B00796313 /* Peer2PowerUITests.swift in Sources */ = {isa = PBXBuildFile; fileRef = 009CE51B2899CA8B00796313 /* Peer2PowerUITests.swift */; };
		009CE51E2899CA8B00796313 /* Peer2PowerUITestsLaunchTests.swift in Sources */ = {isa = PBXBuildFile; fileRef = 009CE51D2899CA8B00796313 /* Peer2PowerUITestsLaunchTests.swift */; };
		009CE5352899F20C00796313 /* Realm in Frameworks */ = {isa = PBXBuildFile; productRef = 009CE5342899F20C00796313 /* Realm */; };
		009CE5372899F20C00796313 /* RealmSwift in Frameworks */ = {isa = PBXBuildFile; productRef = 009CE5362899F20C00796313 /* RealmSwift */; };
		009CE53D2899F6B800796313 /* LoginView.swift in Sources */ = {isa = PBXBuildFile; fileRef = 009CE53C2899F6B800796313 /* LoginView.swift */; };
		009CE545289B088300796313 /* LoggedInView.swift in Sources */ = {isa = PBXBuildFile; fileRef = 009CE544289B088300796313 /* LoggedInView.swift */; };
		009CE549289B0A6A00796313 /* UploadContactView.swift in Sources */ = {isa = PBXBuildFile; fileRef = 009CE548289B0A6A00796313 /* UploadContactView.swift */; };
		009CE54B289B0C2B00796313 /* Contact.swift in Sources */ = {isa = PBXBuildFile; fileRef = 009CE54A289B0C2B00796313 /* Contact.swift */; };
		009CE54D289B41E900796313 /* ErrorView.swift in Sources */ = {isa = PBXBuildFile; fileRef = 009CE54C289B41E800796313 /* ErrorView.swift */; };
		00BA93E928AC074A00A434FF /* Constants.swift in Sources */ = {isa = PBXBuildFile; fileRef = 00BA93E828AC074A00A434FF /* Constants.swift */; };
		00BA93FD28AF1AE600A434FF /* LogOutreachView.swift in Sources */ = {isa = PBXBuildFile; fileRef = 00BA93FC28AF1AE600A434FF /* LogOutreachView.swift */; };
		00BA93FF28AF1F5B00A434FF /* LogOutreachTask.swift in Sources */ = {isa = PBXBuildFile; fileRef = 00BA93FE28AF1F5A00A434FF /* LogOutreachTask.swift */; };
		00BA940128AF1FDF00A434FF /* Identifier.swift in Sources */ = {isa = PBXBuildFile; fileRef = 00BA940028AF1FDF00A434FF /* Identifier.swift */; };
		00BA940328AFFAAE00A434FF /* OutreachAttempt.swift in Sources */ = {isa = PBXBuildFile; fileRef = 00BA940228AFFAAD00A434FF /* OutreachAttempt.swift */; };
		00C04BB3291C5C20007922E3 /* ChooseTeamViewModel.swift in Sources */ = {isa = PBXBuildFile; fileRef = 00C04BB2291C5C20007922E3 /* ChooseTeamViewModel.swift */; };
		00C17F9628A8906400778E25 /* Team.swift in Sources */ = {isa = PBXBuildFile; fileRef = 00C17F9528A8906400778E25 /* Team.swift */; };
		00CD5FB228CD2D0E00E19AA7 /* OutreachListRow.swift in Sources */ = {isa = PBXBuildFile; fileRef = 00CD5FB128CD2D0E00E19AA7 /* OutreachListRow.swift */; };
		00DDAC4228BC19D10073DF85 /* ResearchKit.framework in Frameworks */ = {isa = PBXBuildFile; fileRef = 00DDAC3F28BC19C80073DF85 /* ResearchKit.framework */; platformFilter = ios; };
		00DDAC4328BC19D10073DF85 /* ResearchKit.framework in Embed Frameworks */ = {isa = PBXBuildFile; fileRef = 00DDAC3F28BC19C80073DF85 /* ResearchKit.framework */; settings = {ATTRIBUTES = (CodeSignOnCopy, RemoveHeadersOnCopy, ); }; };
		00FA96ED28A588E800FC007E /* Party.swift in Sources */ = {isa = PBXBuildFile; fileRef = 00FA96EC28A588E800FC007E /* Party.swift */; };
		00FCBCCB29204AC9005CA8F1 /* AlertToast in Frameworks */ = {isa = PBXBuildFile; productRef = 00FCBCCA29204AC9005CA8F1 /* AlertToast */; };
		00FCBCCD29209D60005CA8F1 /* WebView.swift in Sources */ = {isa = PBXBuildFile; fileRef = 00FCBCCC29209D60005CA8F1 /* WebView.swift */; };
		00FCBCF529218F75005CA8F1 /* EndOfStudyResponse.swift in Sources */ = {isa = PBXBuildFile; fileRef = 00FCBCF429218F75005CA8F1 /* EndOfStudyResponse.swift */; };
/* End PBXBuildFile section */

/* Begin PBXContainerItemProxy section */
		009CE50E2899CA8B00796313 /* PBXContainerItemProxy */ = {
			isa = PBXContainerItemProxy;
			containerPortal = 009CE4F52899CA8500796313 /* Project object */;
			proxyType = 1;
			remoteGlobalIDString = 009CE4FC2899CA8500796313;
			remoteInfo = Peer2Power;
		};
		009CE5182899CA8B00796313 /* PBXContainerItemProxy */ = {
			isa = PBXContainerItemProxy;
			containerPortal = 009CE4F52899CA8500796313 /* Project object */;
			proxyType = 1;
			remoteGlobalIDString = 009CE4FC2899CA8500796313;
			remoteInfo = Peer2Power;
		};
		00DDAC3E28BC19C80073DF85 /* PBXContainerItemProxy */ = {
			isa = PBXContainerItemProxy;
			containerPortal = 00DDAC3828BC19C80073DF85 /* ResearchKit.xcodeproj */;
			proxyType = 2;
			remoteGlobalIDString = B183A5951A8535D100C76870;
			remoteInfo = ResearchKit;
		};
		00DDAC4028BC19C80073DF85 /* PBXContainerItemProxy */ = {
			isa = PBXContainerItemProxy;
			containerPortal = 00DDAC3828BC19C80073DF85 /* ResearchKit.xcodeproj */;
			proxyType = 2;
			remoteGlobalIDString = 86CC8E9A1AC09332001CCD89;
			remoteInfo = ResearchKitTests;
		};
/* End PBXContainerItemProxy section */

/* Begin PBXCopyFilesBuildPhase section */
		00BA93FA28AF130F00A434FF /* Embed Frameworks */ = {
			isa = PBXCopyFilesBuildPhase;
			buildActionMask = 2147483647;
			dstPath = "";
			dstSubfolderSpec = 10;
			files = (
				00DDAC4328BC19D10073DF85 /* ResearchKit.framework in Embed Frameworks */,
			);
			name = "Embed Frameworks";
			runOnlyForDeploymentPostprocessing = 0;
		};
/* End PBXCopyFilesBuildPhase section */

/* Begin PBXFileReference section */
		000111A228E72C7A00E2CE92 /* TextDate.swift */ = {isa = PBXFileReference; lastKnownFileType = sourcecode.swift; path = TextDate.swift; sourceTree = "<group>"; };
		000111AF28E9E3FC00E2CE92 /* ChooseTeamView.swift */ = {isa = PBXFileReference; lastKnownFileType = sourcecode.swift; path = ChooseTeamView.swift; sourceTree = "<group>"; };
		000CD2C6289F974200A004FA /* SchoolsListView.swift */ = {isa = PBXFileReference; lastKnownFileType = sourcecode.swift; path = SchoolsListView.swift; sourceTree = "<group>"; };
		0026166728D530360070FF11 /* EndOfStudyTask.swift */ = {isa = PBXFileReference; lastKnownFileType = sourcecode.swift; path = EndOfStudyTask.swift; sourceTree = "<group>"; };
		0026166928D53CB60070FF11 /* EndOfStudySurveyView.swift */ = {isa = PBXFileReference; lastKnownFileType = sourcecode.swift; path = EndOfStudySurveyView.swift; sourceTree = "<group>"; };
		0026166E28D763690070FF11 /* Peer2Power.entitlements */ = {isa = PBXFileReference; lastKnownFileType = text.plist.entitlements; path = Peer2Power.entitlements; sourceTree = "<group>"; };
		0026166F28D8F1890070FF11 /* ForgotPasswordView.swift */ = {isa = PBXFileReference; lastKnownFileType = sourcecode.swift; path = ForgotPasswordView.swift; sourceTree = "<group>"; };
		0026167A28DB8B0F0070FF11 /* Info.plist */ = {isa = PBXFileReference; lastKnownFileType = text.plist; path = Info.plist; sourceTree = "<group>"; };
		0026167B28E0E2A90070FF11 /* SignUpView.swift */ = {isa = PBXFileReference; lastKnownFileType = sourcecode.swift; path = SignUpView.swift; sourceTree = "<group>"; };
		0026168328E4F8270070FF11 /* ConsentAgreementView.swift */ = {isa = PBXFileReference; lastKnownFileType = sourcecode.swift; path = ConsentAgreementView.swift; sourceTree = "<group>"; };
		003B1CF328EDB16D00672E42 /* CheckboxField.swift */ = {isa = PBXFileReference; fileEncoding = 4; lastKnownFileType = sourcecode.swift; path = CheckboxField.swift; sourceTree = "<group>"; };
		003B1D0E28FE392100672E42 /* Settings.bundle */ = {isa = PBXFileReference; lastKnownFileType = "wrapper.plug-in"; path = Settings.bundle; sourceTree = "<group>"; };
		007CCA4A28BAE560000203A4 /* Secrets.swift */ = {isa = PBXFileReference; lastKnownFileType = sourcecode.swift; path = Secrets.swift; sourceTree = "<group>"; };
		0094743E28C017E700D50140 /* GoogleService-Info.plist */ = {isa = PBXFileReference; lastKnownFileType = text.plist; path = "GoogleService-Info.plist"; sourceTree = SOURCE_ROOT; };
		0094744A28C01D8900D50140 /* HomeView.swift */ = {isa = PBXFileReference; lastKnownFileType = sourcecode.swift; path = HomeView.swift; sourceTree = "<group>"; };
		0094744C28C0314300D50140 /* LeaderboardView.swift */ = {isa = PBXFileReference; lastKnownFileType = sourcecode.swift; path = LeaderboardView.swift; sourceTree = "<group>"; };
		0094744E28C0323500D50140 /* SettingsView.swift */ = {isa = PBXFileReference; lastKnownFileType = sourcecode.swift; path = SettingsView.swift; sourceTree = "<group>"; };
		0094745128C3930100D50140 /* ContactListRow.swift */ = {isa = PBXFileReference; lastKnownFileType = sourcecode.swift; path = ContactListRow.swift; sourceTree = "<group>"; };
		00953C5728B7E03600B6CBB6 /* OutreachAttemptsListView.swift */ = {isa = PBXFileReference; lastKnownFileType = sourcecode.swift; path = OutreachAttemptsListView.swift; sourceTree = "<group>"; };
		009CE4FD2899CA8500796313 /* Peer2Power.app */ = {isa = PBXFileReference; explicitFileType = wrapper.application; includeInIndex = 0; path = Peer2Power.app; sourceTree = BUILT_PRODUCTS_DIR; };
		009CE5002899CA8500796313 /* Peer2PowerApp.swift */ = {isa = PBXFileReference; lastKnownFileType = sourcecode.swift; path = Peer2PowerApp.swift; sourceTree = "<group>"; };
		009CE5022899CA8500796313 /* ContentView.swift */ = {isa = PBXFileReference; lastKnownFileType = sourcecode.swift; path = ContentView.swift; sourceTree = "<group>"; };
		009CE5042899CA8A00796313 /* Assets.xcassets */ = {isa = PBXFileReference; lastKnownFileType = folder.assetcatalog; path = Assets.xcassets; sourceTree = "<group>"; };
		009CE5072899CA8A00796313 /* Preview Assets.xcassets */ = {isa = PBXFileReference; lastKnownFileType = folder.assetcatalog; path = "Preview Assets.xcassets"; sourceTree = "<group>"; };
		009CE50D2899CA8B00796313 /* Peer2PowerTests.xctest */ = {isa = PBXFileReference; explicitFileType = wrapper.cfbundle; includeInIndex = 0; path = Peer2PowerTests.xctest; sourceTree = BUILT_PRODUCTS_DIR; };
		009CE5112899CA8B00796313 /* Peer2PowerTests.swift */ = {isa = PBXFileReference; lastKnownFileType = sourcecode.swift; path = Peer2PowerTests.swift; sourceTree = "<group>"; };
		009CE5172899CA8B00796313 /* Peer2PowerUITests.xctest */ = {isa = PBXFileReference; explicitFileType = wrapper.cfbundle; includeInIndex = 0; path = Peer2PowerUITests.xctest; sourceTree = BUILT_PRODUCTS_DIR; };
		009CE51B2899CA8B00796313 /* Peer2PowerUITests.swift */ = {isa = PBXFileReference; lastKnownFileType = sourcecode.swift; path = Peer2PowerUITests.swift; sourceTree = "<group>"; };
		009CE51D2899CA8B00796313 /* Peer2PowerUITestsLaunchTests.swift */ = {isa = PBXFileReference; lastKnownFileType = sourcecode.swift; path = Peer2PowerUITestsLaunchTests.swift; sourceTree = "<group>"; };
		009CE53C2899F6B800796313 /* LoginView.swift */ = {isa = PBXFileReference; lastKnownFileType = sourcecode.swift; path = LoginView.swift; sourceTree = "<group>"; };
		009CE544289B088300796313 /* LoggedInView.swift */ = {isa = PBXFileReference; lastKnownFileType = sourcecode.swift; path = LoggedInView.swift; sourceTree = "<group>"; };
		009CE548289B0A6A00796313 /* UploadContactView.swift */ = {isa = PBXFileReference; lastKnownFileType = sourcecode.swift; path = UploadContactView.swift; sourceTree = "<group>"; };
		009CE54A289B0C2B00796313 /* Contact.swift */ = {isa = PBXFileReference; lastKnownFileType = sourcecode.swift; path = Contact.swift; sourceTree = "<group>"; };
		009CE54C289B41E800796313 /* ErrorView.swift */ = {isa = PBXFileReference; lastKnownFileType = sourcecode.swift; path = ErrorView.swift; sourceTree = "<group>"; };
		00BA93E828AC074A00A434FF /* Constants.swift */ = {isa = PBXFileReference; lastKnownFileType = sourcecode.swift; path = Constants.swift; sourceTree = "<group>"; };
		00BA93FC28AF1AE600A434FF /* LogOutreachView.swift */ = {isa = PBXFileReference; lastKnownFileType = sourcecode.swift; path = LogOutreachView.swift; sourceTree = "<group>"; };
		00BA93FE28AF1F5A00A434FF /* LogOutreachTask.swift */ = {isa = PBXFileReference; fileEncoding = 4; lastKnownFileType = sourcecode.swift; path = LogOutreachTask.swift; sourceTree = "<group>"; };
		00BA940028AF1FDF00A434FF /* Identifier.swift */ = {isa = PBXFileReference; lastKnownFileType = sourcecode.swift; path = Identifier.swift; sourceTree = "<group>"; };
		00BA940228AFFAAD00A434FF /* OutreachAttempt.swift */ = {isa = PBXFileReference; lastKnownFileType = sourcecode.swift; path = OutreachAttempt.swift; sourceTree = "<group>"; };
		00C04BB2291C5C20007922E3 /* ChooseTeamViewModel.swift */ = {isa = PBXFileReference; lastKnownFileType = sourcecode.swift; path = ChooseTeamViewModel.swift; sourceTree = "<group>"; };
		00C17F9528A8906400778E25 /* Team.swift */ = {isa = PBXFileReference; lastKnownFileType = sourcecode.swift; path = Team.swift; sourceTree = "<group>"; };
		00CD5FB128CD2D0E00E19AA7 /* OutreachListRow.swift */ = {isa = PBXFileReference; lastKnownFileType = sourcecode.swift; path = OutreachListRow.swift; sourceTree = "<group>"; };
		00DDAC3828BC19C80073DF85 /* ResearchKit.xcodeproj */ = {isa = PBXFileReference; lastKnownFileType = "wrapper.pb-project"; name = ResearchKit.xcodeproj; path = "ResearchKit-minus-HealthKit/ResearchKit.xcodeproj"; sourceTree = "<group>"; };
		00FA96EC28A588E800FC007E /* Party.swift */ = {isa = PBXFileReference; lastKnownFileType = sourcecode.swift; path = Party.swift; sourceTree = "<group>"; };
		00FCBCCC29209D60005CA8F1 /* WebView.swift */ = {isa = PBXFileReference; lastKnownFileType = sourcecode.swift; path = WebView.swift; sourceTree = "<group>"; };
		00FCBCF429218F75005CA8F1 /* EndOfStudyResponse.swift */ = {isa = PBXFileReference; lastKnownFileType = sourcecode.swift; path = EndOfStudyResponse.swift; sourceTree = "<group>"; };
/* End PBXFileReference section */

/* Begin PBXFrameworksBuildPhase section */
		009CE4FA2899CA8500796313 /* Frameworks */ = {
			isa = PBXFrameworksBuildPhase;
			buildActionMask = 2147483647;
			files = (
				0094744528C01CBA00D50140 /* FirebaseMessaging in Frameworks */,
				00FCBCCB29204AC9005CA8F1 /* AlertToast in Frameworks */,
				009CE5372899F20C00796313 /* RealmSwift in Frameworks */,
				009CE5352899F20C00796313 /* Realm in Frameworks */,
				0094744928C01CBA00D50140 /* FirebaseRemoteConfigSwift in Frameworks */,
				00DDAC4228BC19D10073DF85 /* ResearchKit.framework in Frameworks */,
				0094744728C01CBA00D50140 /* FirebaseRemoteConfig in Frameworks */,
			);
			runOnlyForDeploymentPostprocessing = 0;
		};
		009CE50A2899CA8B00796313 /* Frameworks */ = {
			isa = PBXFrameworksBuildPhase;
			buildActionMask = 2147483647;
			files = (
			);
			runOnlyForDeploymentPostprocessing = 0;
		};
		009CE5142899CA8B00796313 /* Frameworks */ = {
			isa = PBXFrameworksBuildPhase;
			buildActionMask = 2147483647;
			files = (
			);
			runOnlyForDeploymentPostprocessing = 0;
		};
/* End PBXFrameworksBuildPhase section */

/* Begin PBXGroup section */
		000111AE28E9E39900E2CE92 /* Teams */ = {
			isa = PBXGroup;
			children = (
				000CD2C6289F974200A004FA /* SchoolsListView.swift */,
				000111AF28E9E3FC00E2CE92 /* ChooseTeamView.swift */,
				00C04BB2291C5C20007922E3 /* ChooseTeamViewModel.swift */,
			);
			path = Teams;
			sourceTree = "<group>";
		};
		0026167D28E0E2BC0070FF11 /* List Rows */ = {
			isa = PBXGroup;
			children = (
				0094745128C3930100D50140 /* ContactListRow.swift */,
				00CD5FB128CD2D0E00E19AA7 /* OutreachListRow.swift */,
				000111A228E72C7A00E2CE92 /* TextDate.swift */,
			);
			path = "List Rows";
			sourceTree = "<group>";
		};
		0026167E28E0E2D20070FF11 /* Auth */ = {
			isa = PBXGroup;
			children = (
				009CE53C2899F6B800796313 /* LoginView.swift */,
				0026167B28E0E2A90070FF11 /* SignUpView.swift */,
				0026166F28D8F1890070FF11 /* ForgotPasswordView.swift */,
				0026168328E4F8270070FF11 /* ConsentAgreementView.swift */,
			);
			path = Auth;
			sourceTree = "<group>";
		};
		0026167F28E0E2F00070FF11 /* Tasks */ = {
			isa = PBXGroup;
			children = (
				00BA93FE28AF1F5A00A434FF /* LogOutreachTask.swift */,
				0026166728D530360070FF11 /* EndOfStudyTask.swift */,
			);
			path = Tasks;
			sourceTree = "<group>";
		};
		0094745028C0325200D50140 /* Tabs */ = {
			isa = PBXGroup;
			children = (
				0094744A28C01D8900D50140 /* HomeView.swift */,
				0094744C28C0314300D50140 /* LeaderboardView.swift */,
				0094744E28C0323500D50140 /* SettingsView.swift */,
			);
			path = Tabs;
			sourceTree = "<group>";
		};
		009CE4F42899CA8500796313 = {
			isa = PBXGroup;
			children = (
				00DDAC3828BC19C80073DF85 /* ResearchKit.xcodeproj */,
				009CE4FF2899CA8500796313 /* Peer2Power */,
				009CE5102899CA8B00796313 /* Peer2PowerTests */,
				009CE51A2899CA8B00796313 /* Peer2PowerUITests */,
				009CE4FE2899CA8500796313 /* Products */,
			);
			sourceTree = "<group>";
		};
		009CE4FE2899CA8500796313 /* Products */ = {
			isa = PBXGroup;
			children = (
				009CE4FD2899CA8500796313 /* Peer2Power.app */,
				009CE50D2899CA8B00796313 /* Peer2PowerTests.xctest */,
				009CE5172899CA8B00796313 /* Peer2PowerUITests.xctest */,
			);
			name = Products;
			sourceTree = "<group>";
		};
		009CE4FF2899CA8500796313 /* Peer2Power */ = {
			isa = PBXGroup;
			children = (
				0026167A28DB8B0F0070FF11 /* Info.plist */,
				0026166E28D763690070FF11 /* Peer2Power.entitlements */,
				009CE52B2899D13E00796313 /* Views */,
				009CE52A2899D13100796313 /* Model */,
				009CE5002899CA8500796313 /* Peer2PowerApp.swift */,
				009CE5022899CA8500796313 /* ContentView.swift */,
				009CE5042899CA8A00796313 /* Assets.xcassets */,
				009CE5062899CA8A00796313 /* Preview Content */,
				00BA93E828AC074A00A434FF /* Constants.swift */,
				007CCA4A28BAE560000203A4 /* Secrets.swift */,
				0094743E28C017E700D50140 /* GoogleService-Info.plist */,
				003B1D0E28FE392100672E42 /* Settings.bundle */,
			);
			path = Peer2Power;
			sourceTree = "<group>";
		};
		009CE5062899CA8A00796313 /* Preview Content */ = {
			isa = PBXGroup;
			children = (
				009CE5072899CA8A00796313 /* Preview Assets.xcassets */,
			);
			path = "Preview Content";
			sourceTree = "<group>";
		};
		009CE5102899CA8B00796313 /* Peer2PowerTests */ = {
			isa = PBXGroup;
			children = (
				009CE5112899CA8B00796313 /* Peer2PowerTests.swift */,
			);
			path = Peer2PowerTests;
			sourceTree = "<group>";
		};
		009CE51A2899CA8B00796313 /* Peer2PowerUITests */ = {
			isa = PBXGroup;
			children = (
				009CE51B2899CA8B00796313 /* Peer2PowerUITests.swift */,
				009CE51D2899CA8B00796313 /* Peer2PowerUITestsLaunchTests.swift */,
			);
			path = Peer2PowerUITests;
			sourceTree = "<group>";
		};
		009CE52A2899D13100796313 /* Model */ = {
			isa = PBXGroup;
			children = (
				009CE54A289B0C2B00796313 /* Contact.swift */,
				00FA96EC28A588E800FC007E /* Party.swift */,
				00C17F9528A8906400778E25 /* Team.swift */,
				00BA940228AFFAAD00A434FF /* OutreachAttempt.swift */,
				00FCBCF429218F75005CA8F1 /* EndOfStudyResponse.swift */,
			);
			path = Model;
			sourceTree = "<group>";
		};
		009CE52B2899D13E00796313 /* Views */ = {
			isa = PBXGroup;
			children = (
				000111AE28E9E39900E2CE92 /* Teams */,
				0026167E28E0E2D20070FF11 /* Auth */,
				0026167D28E0E2BC0070FF11 /* List Rows */,
				0094745028C0325200D50140 /* Tabs */,
				00BA93FB28AF1ACE00A434FF /* Surveys */,
				009CE544289B088300796313 /* LoggedInView.swift */,
				009CE548289B0A6A00796313 /* UploadContactView.swift */,
				00953C5728B7E03600B6CBB6 /* OutreachAttemptsListView.swift */,
				009CE54C289B41E800796313 /* ErrorView.swift */,
				003B1CF328EDB16D00672E42 /* CheckboxField.swift */,
				00FCBCCC29209D60005CA8F1 /* WebView.swift */,
			);
			path = Views;
			sourceTree = "<group>";
		};
		00BA93FB28AF1ACE00A434FF /* Surveys */ = {
			isa = PBXGroup;
			children = (
				0026167F28E0E2F00070FF11 /* Tasks */,
				00BA93FC28AF1AE600A434FF /* LogOutreachView.swift */,
				00BA940028AF1FDF00A434FF /* Identifier.swift */,
				0026166928D53CB60070FF11 /* EndOfStudySurveyView.swift */,
			);
			path = Surveys;
			sourceTree = "<group>";
		};
		00DDAC3928BC19C80073DF85 /* Products */ = {
			isa = PBXGroup;
			children = (
				00DDAC3F28BC19C80073DF85 /* ResearchKit.framework */,
				00DDAC4128BC19C80073DF85 /* ResearchKitTests.xctest */,
			);
			name = Products;
			sourceTree = "<group>";
		};
/* End PBXGroup section */

/* Begin PBXNativeTarget section */
		009CE4FC2899CA8500796313 /* Peer2Power */ = {
			isa = PBXNativeTarget;
			buildConfigurationList = 009CE5212899CA8B00796313 /* Build configuration list for PBXNativeTarget "Peer2Power" */;
			buildPhases = (
				009CE4F92899CA8500796313 /* Sources */,
				009CE4FA2899CA8500796313 /* Frameworks */,
				009CE4FB2899CA8500796313 /* Resources */,
				00BA93FA28AF130F00A434FF /* Embed Frameworks */,
				0026167528DB6FEE0070FF11 /* Upload dSYMS to Firebase */,
			);
			buildRules = (
			);
			dependencies = (
			);
			name = Peer2Power;
			packageProductDependencies = (
				009CE5342899F20C00796313 /* Realm */,
				009CE5362899F20C00796313 /* RealmSwift */,
				0094744428C01CBA00D50140 /* FirebaseMessaging */,
				0094744628C01CBA00D50140 /* FirebaseRemoteConfig */,
				0094744828C01CBA00D50140 /* FirebaseRemoteConfigSwift */,
				00FCBCCA29204AC9005CA8F1 /* AlertToast */,
			);
			productName = Peer2Power;
			productReference = 009CE4FD2899CA8500796313 /* Peer2Power.app */;
			productType = "com.apple.product-type.application";
		};
		009CE50C2899CA8B00796313 /* Peer2PowerTests */ = {
			isa = PBXNativeTarget;
			buildConfigurationList = 009CE5242899CA8B00796313 /* Build configuration list for PBXNativeTarget "Peer2PowerTests" */;
			buildPhases = (
				009CE5092899CA8B00796313 /* Sources */,
				009CE50A2899CA8B00796313 /* Frameworks */,
				009CE50B2899CA8B00796313 /* Resources */,
			);
			buildRules = (
			);
			dependencies = (
				009CE50F2899CA8B00796313 /* PBXTargetDependency */,
			);
			name = Peer2PowerTests;
			productName = Peer2PowerTests;
			productReference = 009CE50D2899CA8B00796313 /* Peer2PowerTests.xctest */;
			productType = "com.apple.product-type.bundle.unit-test";
		};
		009CE5162899CA8B00796313 /* Peer2PowerUITests */ = {
			isa = PBXNativeTarget;
			buildConfigurationList = 009CE5272899CA8B00796313 /* Build configuration list for PBXNativeTarget "Peer2PowerUITests" */;
			buildPhases = (
				009CE5132899CA8B00796313 /* Sources */,
				009CE5142899CA8B00796313 /* Frameworks */,
				009CE5152899CA8B00796313 /* Resources */,
			);
			buildRules = (
			);
			dependencies = (
				009CE5192899CA8B00796313 /* PBXTargetDependency */,
			);
			name = Peer2PowerUITests;
			productName = Peer2PowerUITests;
			productReference = 009CE5172899CA8B00796313 /* Peer2PowerUITests.xctest */;
			productType = "com.apple.product-type.bundle.ui-testing";
		};
/* End PBXNativeTarget section */

/* Begin PBXProject section */
		009CE4F52899CA8500796313 /* Project object */ = {
			isa = PBXProject;
			attributes = {
				BuildIndependentTargetsInParallel = 1;
				LastSwiftUpdateCheck = 1320;
				LastUpgradeCheck = 1320;
				TargetAttributes = {
					009CE4FC2899CA8500796313 = {
						CreatedOnToolsVersion = 13.2.1;
					};
					009CE50C2899CA8B00796313 = {
						CreatedOnToolsVersion = 13.2.1;
						TestTargetID = 009CE4FC2899CA8500796313;
					};
					009CE5162899CA8B00796313 = {
						CreatedOnToolsVersion = 13.2.1;
						TestTargetID = 009CE4FC2899CA8500796313;
					};
				};
			};
			buildConfigurationList = 009CE4F82899CA8500796313 /* Build configuration list for PBXProject "Peer2Power" */;
			compatibilityVersion = "Xcode 13.0";
			developmentRegion = en;
			hasScannedForEncodings = 0;
			knownRegions = (
				en,
				Base,
			);
			mainGroup = 009CE4F42899CA8500796313;
			packageReferences = (
				009CE5332899F20C00796313 /* XCRemoteSwiftPackageReference "realm-swift" */,
				0094744328C01CBA00D50140 /* XCRemoteSwiftPackageReference "firebase-ios-sdk" */,
				00FCBCC929204AC9005CA8F1 /* XCRemoteSwiftPackageReference "AlertToast" */,
			);
			productRefGroup = 009CE4FE2899CA8500796313 /* Products */;
			projectDirPath = "";
			projectReferences = (
				{
					ProductGroup = 00DDAC3928BC19C80073DF85 /* Products */;
					ProjectRef = 00DDAC3828BC19C80073DF85 /* ResearchKit.xcodeproj */;
				},
			);
			projectRoot = "";
			targets = (
				009CE4FC2899CA8500796313 /* Peer2Power */,
				009CE50C2899CA8B00796313 /* Peer2PowerTests */,
				009CE5162899CA8B00796313 /* Peer2PowerUITests */,
			);
		};
/* End PBXProject section */

/* Begin PBXReferenceProxy section */
		00DDAC3F28BC19C80073DF85 /* ResearchKit.framework */ = {
			isa = PBXReferenceProxy;
			fileType = wrapper.framework;
			path = ResearchKit.framework;
			remoteRef = 00DDAC3E28BC19C80073DF85 /* PBXContainerItemProxy */;
			sourceTree = BUILT_PRODUCTS_DIR;
		};
		00DDAC4128BC19C80073DF85 /* ResearchKitTests.xctest */ = {
			isa = PBXReferenceProxy;
			fileType = wrapper.cfbundle;
			path = ResearchKitTests.xctest;
			remoteRef = 00DDAC4028BC19C80073DF85 /* PBXContainerItemProxy */;
			sourceTree = BUILT_PRODUCTS_DIR;
		};
/* End PBXReferenceProxy section */

/* Begin PBXResourcesBuildPhase section */
		009CE4FB2899CA8500796313 /* Resources */ = {
			isa = PBXResourcesBuildPhase;
			buildActionMask = 2147483647;
			files = (
				003B1D0F28FE392100672E42 /* Settings.bundle in Resources */,
				009CE5082899CA8A00796313 /* Preview Assets.xcassets in Resources */,
				009CE5052899CA8A00796313 /* Assets.xcassets in Resources */,
				0094744228C017E700D50140 /* GoogleService-Info.plist in Resources */,
			);
			runOnlyForDeploymentPostprocessing = 0;
		};
		009CE50B2899CA8B00796313 /* Resources */ = {
			isa = PBXResourcesBuildPhase;
			buildActionMask = 2147483647;
			files = (
			);
			runOnlyForDeploymentPostprocessing = 0;
		};
		009CE5152899CA8B00796313 /* Resources */ = {
			isa = PBXResourcesBuildPhase;
			buildActionMask = 2147483647;
			files = (
			);
			runOnlyForDeploymentPostprocessing = 0;
		};
/* End PBXResourcesBuildPhase section */

/* Begin PBXShellScriptBuildPhase section */
		0026167528DB6FEE0070FF11 /* Upload dSYMS to Firebase */ = {
			isa = PBXShellScriptBuildPhase;
			buildActionMask = 2147483647;
			files = (
			);
			inputFileListPaths = (
			);
			inputPaths = (
				"${DWARF_DSYM_FOLDER_PATH}/${DWARF_DSYM_FILE_NAME}/Contents/Resources/DWARF/${TARGET_NAME}",
				"$(SRCROOT)/$(BUILT_PRODUCTS_DIR)/$(INFOPLIST_PATH)",
			);
			name = "Upload dSYMS to Firebase";
			outputFileListPaths = (
			);
			outputPaths = (
			);
			runOnlyForDeploymentPostprocessing = 0;
			shellPath = /bin/sh;
			shellScript = "# Type a script or drag a script file from your workspace to insert its path.\n\"${BUILD_DIR%/Build/*}/SourcePackages/checkouts/firebase-ios-sdk/Crashlytics/run\"\n";
		};
/* End PBXShellScriptBuildPhase section */

/* Begin PBXSourcesBuildPhase section */
		009CE4F92899CA8500796313 /* Sources */ = {
			isa = PBXSourcesBuildPhase;
			buildActionMask = 2147483647;
			files = (
				009CE5032899CA8500796313 /* ContentView.swift in Sources */,
				00BA93E928AC074A00A434FF /* Constants.swift in Sources */,
				0094745228C3930100D50140 /* ContactListRow.swift in Sources */,
				00FA96ED28A588E800FC007E /* Party.swift in Sources */,
				00C04BB3291C5C20007922E3 /* ChooseTeamViewModel.swift in Sources */,
				0026168428E4F8280070FF11 /* ConsentAgreementView.swift in Sources */,
				009CE545289B088300796313 /* LoggedInView.swift in Sources */,
				00FCBCF529218F75005CA8F1 /* EndOfStudyResponse.swift in Sources */,
				00BA940328AFFAAE00A434FF /* OutreachAttempt.swift in Sources */,
				00BA940128AF1FDF00A434FF /* Identifier.swift in Sources */,
				009CE53D2899F6B800796313 /* LoginView.swift in Sources */,
				00CD5FB228CD2D0E00E19AA7 /* OutreachListRow.swift in Sources */,
				009CE54B289B0C2B00796313 /* Contact.swift in Sources */,
				009CE54D289B41E900796313 /* ErrorView.swift in Sources */,
				009CE549289B0A6A00796313 /* UploadContactView.swift in Sources */,
				0026166A28D53CB60070FF11 /* EndOfStudySurveyView.swift in Sources */,
				0094744B28C01D8900D50140 /* HomeView.swift in Sources */,
				000111B028E9E3FC00E2CE92 /* ChooseTeamView.swift in Sources */,
				000CD2C7289F974200A004FA /* SchoolsListView.swift in Sources */,
				007CCA4B28BAE560000203A4 /* Secrets.swift in Sources */,
				00BA93FF28AF1F5B00A434FF /* LogOutreachTask.swift in Sources */,
				00C17F9628A8906400778E25 /* Team.swift in Sources */,
				0094744F28C0323500D50140 /* SettingsView.swift in Sources */,
				0026167028D8F1890070FF11 /* ForgotPasswordView.swift in Sources */,
				00BA93FD28AF1AE600A434FF /* LogOutreachView.swift in Sources */,
				0094744D28C0314300D50140 /* LeaderboardView.swift in Sources */,
				003B1CF428EDB16D00672E42 /* CheckboxField.swift in Sources */,
				009CE5012899CA8500796313 /* Peer2PowerApp.swift in Sources */,
				00FCBCCD29209D60005CA8F1 /* WebView.swift in Sources */,
				0026167C28E0E2A90070FF11 /* SignUpView.swift in Sources */,
				000111A328E72C7A00E2CE92 /* TextDate.swift in Sources */,
				00953C5828B7E03600B6CBB6 /* OutreachAttemptsListView.swift in Sources */,
				0026166828D530360070FF11 /* EndOfStudyTask.swift in Sources */,
			);
			runOnlyForDeploymentPostprocessing = 0;
		};
		009CE5092899CA8B00796313 /* Sources */ = {
			isa = PBXSourcesBuildPhase;
			buildActionMask = 2147483647;
			files = (
				009CE5122899CA8B00796313 /* Peer2PowerTests.swift in Sources */,
			);
			runOnlyForDeploymentPostprocessing = 0;
		};
		009CE5132899CA8B00796313 /* Sources */ = {
			isa = PBXSourcesBuildPhase;
			buildActionMask = 2147483647;
			files = (
				009CE51C2899CA8B00796313 /* Peer2PowerUITests.swift in Sources */,
				009CE51E2899CA8B00796313 /* Peer2PowerUITestsLaunchTests.swift in Sources */,
			);
			runOnlyForDeploymentPostprocessing = 0;
		};
/* End PBXSourcesBuildPhase section */

/* Begin PBXTargetDependency section */
		009CE50F2899CA8B00796313 /* PBXTargetDependency */ = {
			isa = PBXTargetDependency;
			target = 009CE4FC2899CA8500796313 /* Peer2Power */;
			targetProxy = 009CE50E2899CA8B00796313 /* PBXContainerItemProxy */;
		};
		009CE5192899CA8B00796313 /* PBXTargetDependency */ = {
			isa = PBXTargetDependency;
			target = 009CE4FC2899CA8500796313 /* Peer2Power */;
			targetProxy = 009CE5182899CA8B00796313 /* PBXContainerItemProxy */;
		};
/* End PBXTargetDependency section */

/* Begin XCBuildConfiguration section */
		009CE51F2899CA8B00796313 /* Debug */ = {
			isa = XCBuildConfiguration;
			buildSettings = {
				ALWAYS_SEARCH_USER_PATHS = NO;
				CLANG_ANALYZER_NONNULL = YES;
				CLANG_ANALYZER_NUMBER_OBJECT_CONVERSION = YES_AGGRESSIVE;
				CLANG_CXX_LANGUAGE_STANDARD = "gnu++17";
				CLANG_CXX_LIBRARY = "libc++";
				CLANG_ENABLE_MODULES = YES;
				CLANG_ENABLE_OBJC_ARC = YES;
				CLANG_ENABLE_OBJC_WEAK = YES;
				CLANG_WARN_BLOCK_CAPTURE_AUTORELEASING = YES;
				CLANG_WARN_BOOL_CONVERSION = YES;
				CLANG_WARN_COMMA = YES;
				CLANG_WARN_CONSTANT_CONVERSION = YES;
				CLANG_WARN_DEPRECATED_OBJC_IMPLEMENTATIONS = YES;
				CLANG_WARN_DIRECT_OBJC_ISA_USAGE = YES_ERROR;
				CLANG_WARN_DOCUMENTATION_COMMENTS = YES;
				CLANG_WARN_EMPTY_BODY = YES;
				CLANG_WARN_ENUM_CONVERSION = YES;
				CLANG_WARN_INFINITE_RECURSION = YES;
				CLANG_WARN_INT_CONVERSION = YES;
				CLANG_WARN_NON_LITERAL_NULL_CONVERSION = YES;
				CLANG_WARN_OBJC_IMPLICIT_RETAIN_SELF = YES;
				CLANG_WARN_OBJC_LITERAL_CONVERSION = YES;
				CLANG_WARN_OBJC_ROOT_CLASS = YES_ERROR;
				CLANG_WARN_QUOTED_INCLUDE_IN_FRAMEWORK_HEADER = YES;
				CLANG_WARN_RANGE_LOOP_ANALYSIS = YES;
				CLANG_WARN_STRICT_PROTOTYPES = YES;
				CLANG_WARN_SUSPICIOUS_MOVE = YES;
				CLANG_WARN_UNGUARDED_AVAILABILITY = YES_AGGRESSIVE;
				CLANG_WARN_UNREACHABLE_CODE = YES;
				CLANG_WARN__DUPLICATE_METHOD_MATCH = YES;
				COPY_PHASE_STRIP = NO;
				DEBUG_INFORMATION_FORMAT = dwarf;
				ENABLE_STRICT_OBJC_MSGSEND = YES;
				ENABLE_TESTABILITY = YES;
				GCC_C_LANGUAGE_STANDARD = gnu11;
				GCC_DYNAMIC_NO_PIC = NO;
				GCC_NO_COMMON_BLOCKS = YES;
				GCC_OPTIMIZATION_LEVEL = 0;
				GCC_PREPROCESSOR_DEFINITIONS = (
					"DEBUG=1",
					"$(inherited)",
				);
				GCC_WARN_64_TO_32_BIT_CONVERSION = YES;
				GCC_WARN_ABOUT_RETURN_TYPE = YES_ERROR;
				GCC_WARN_UNDECLARED_SELECTOR = YES;
				GCC_WARN_UNINITIALIZED_AUTOS = YES_AGGRESSIVE;
				GCC_WARN_UNUSED_FUNCTION = YES;
				GCC_WARN_UNUSED_VARIABLE = YES;
				IPHONEOS_DEPLOYMENT_TARGET = 15.2;
				MTL_ENABLE_DEBUG_INFO = INCLUDE_SOURCE;
				MTL_FAST_MATH = YES;
				ONLY_ACTIVE_ARCH = YES;
				SDKROOT = iphoneos;
				SWIFT_ACTIVE_COMPILATION_CONDITIONS = DEBUG;
				SWIFT_OPTIMIZATION_LEVEL = "-Onone";
			};
			name = Debug;
		};
		009CE5202899CA8B00796313 /* Release */ = {
			isa = XCBuildConfiguration;
			buildSettings = {
				ALWAYS_SEARCH_USER_PATHS = NO;
				CLANG_ANALYZER_NONNULL = YES;
				CLANG_ANALYZER_NUMBER_OBJECT_CONVERSION = YES_AGGRESSIVE;
				CLANG_CXX_LANGUAGE_STANDARD = "gnu++17";
				CLANG_CXX_LIBRARY = "libc++";
				CLANG_ENABLE_MODULES = YES;
				CLANG_ENABLE_OBJC_ARC = YES;
				CLANG_ENABLE_OBJC_WEAK = YES;
				CLANG_WARN_BLOCK_CAPTURE_AUTORELEASING = YES;
				CLANG_WARN_BOOL_CONVERSION = YES;
				CLANG_WARN_COMMA = YES;
				CLANG_WARN_CONSTANT_CONVERSION = YES;
				CLANG_WARN_DEPRECATED_OBJC_IMPLEMENTATIONS = YES;
				CLANG_WARN_DIRECT_OBJC_ISA_USAGE = YES_ERROR;
				CLANG_WARN_DOCUMENTATION_COMMENTS = YES;
				CLANG_WARN_EMPTY_BODY = YES;
				CLANG_WARN_ENUM_CONVERSION = YES;
				CLANG_WARN_INFINITE_RECURSION = YES;
				CLANG_WARN_INT_CONVERSION = YES;
				CLANG_WARN_NON_LITERAL_NULL_CONVERSION = YES;
				CLANG_WARN_OBJC_IMPLICIT_RETAIN_SELF = YES;
				CLANG_WARN_OBJC_LITERAL_CONVERSION = YES;
				CLANG_WARN_OBJC_ROOT_CLASS = YES_ERROR;
				CLANG_WARN_QUOTED_INCLUDE_IN_FRAMEWORK_HEADER = YES;
				CLANG_WARN_RANGE_LOOP_ANALYSIS = YES;
				CLANG_WARN_STRICT_PROTOTYPES = YES;
				CLANG_WARN_SUSPICIOUS_MOVE = YES;
				CLANG_WARN_UNGUARDED_AVAILABILITY = YES_AGGRESSIVE;
				CLANG_WARN_UNREACHABLE_CODE = YES;
				CLANG_WARN__DUPLICATE_METHOD_MATCH = YES;
				COPY_PHASE_STRIP = NO;
				DEBUG_INFORMATION_FORMAT = "dwarf-with-dsym";
				ENABLE_NS_ASSERTIONS = NO;
				ENABLE_STRICT_OBJC_MSGSEND = YES;
				GCC_C_LANGUAGE_STANDARD = gnu11;
				GCC_NO_COMMON_BLOCKS = YES;
				GCC_WARN_64_TO_32_BIT_CONVERSION = YES;
				GCC_WARN_ABOUT_RETURN_TYPE = YES_ERROR;
				GCC_WARN_UNDECLARED_SELECTOR = YES;
				GCC_WARN_UNINITIALIZED_AUTOS = YES_AGGRESSIVE;
				GCC_WARN_UNUSED_FUNCTION = YES;
				GCC_WARN_UNUSED_VARIABLE = YES;
				IPHONEOS_DEPLOYMENT_TARGET = 15.2;
				MTL_ENABLE_DEBUG_INFO = NO;
				MTL_FAST_MATH = YES;
				SDKROOT = iphoneos;
				SWIFT_COMPILATION_MODE = wholemodule;
				SWIFT_OPTIMIZATION_LEVEL = "-O";
				VALIDATE_PRODUCT = YES;
			};
			name = Release;
		};
		009CE5222899CA8B00796313 /* Debug */ = {
			isa = XCBuildConfiguration;
			buildSettings = {
				ASSETCATALOG_COMPILER_APPICON_NAME = AppIcon;
				ASSETCATALOG_COMPILER_GLOBAL_ACCENT_COLOR_NAME = "";
				CODE_SIGN_ENTITLEMENTS = Peer2Power/Peer2Power.entitlements;
				CODE_SIGN_STYLE = Automatic;
				CURRENT_PROJECT_VERSION = 1;
				DEBUG_INFORMATION_FORMAT = "dwarf-with-dsym";
				DEVELOPMENT_ASSET_PATHS = "\"Peer2Power/Preview Content\"";
				DEVELOPMENT_TEAM = 85Q84CPFAN;
				ENABLE_PREVIEWS = YES;
				GENERATE_INFOPLIST_FILE = YES;
				INFOPLIST_FILE = Peer2Power/Info.plist;
				INFOPLIST_KEY_LSApplicationCategoryType = "public.app-category.social-networking";
				INFOPLIST_KEY_UIApplicationSceneManifest_Generation = YES;
				INFOPLIST_KEY_UIApplicationSupportsIndirectInputEvents = YES;
				INFOPLIST_KEY_UILaunchScreen_Generation = YES;
				INFOPLIST_KEY_UISupportedInterfaceOrientations = UIInterfaceOrientationPortrait;
				INFOPLIST_KEY_UISupportedInterfaceOrientations_iPad = "UIInterfaceOrientationPortrait UIInterfaceOrientationPortraitUpsideDown UIInterfaceOrientationLandscapeLeft UIInterfaceOrientationLandscapeRight";
				INFOPLIST_KEY_UISupportedInterfaceOrientations_iPhone = "UIInterfaceOrientationPortrait UIInterfaceOrientationLandscapeLeft UIInterfaceOrientationLandscapeRight";
				IPHONEOS_DEPLOYMENT_TARGET = 15.0;
				LD_RUNPATH_SEARCH_PATHS = (
					"$(inherited)",
					"@executable_path/Frameworks",
				);
				MARKETING_VERSION = 1.1.1;
				PRODUCT_BUNDLE_IDENTIFIER = me.dejajackson.GovLab;
				PRODUCT_NAME = "$(TARGET_NAME)";
				SWIFT_EMIT_LOC_STRINGS = YES;
				SWIFT_VERSION = 5.0;
				TARGETED_DEVICE_FAMILY = "1,2";
			};
			name = Debug;
		};
		009CE5232899CA8B00796313 /* Release */ = {
			isa = XCBuildConfiguration;
			buildSettings = {
				ASSETCATALOG_COMPILER_APPICON_NAME = AppIcon;
				ASSETCATALOG_COMPILER_GLOBAL_ACCENT_COLOR_NAME = "";
				CODE_SIGN_ENTITLEMENTS = Peer2Power/Peer2Power.entitlements;
				CODE_SIGN_STYLE = Automatic;
				CURRENT_PROJECT_VERSION = 1;
				DEVELOPMENT_ASSET_PATHS = "\"Peer2Power/Preview Content\"";
				DEVELOPMENT_TEAM = 85Q84CPFAN;
				ENABLE_PREVIEWS = YES;
				GENERATE_INFOPLIST_FILE = YES;
				INFOPLIST_FILE = Peer2Power/Info.plist;
				INFOPLIST_KEY_LSApplicationCategoryType = "public.app-category.social-networking";
				INFOPLIST_KEY_UIApplicationSceneManifest_Generation = YES;
				INFOPLIST_KEY_UIApplicationSupportsIndirectInputEvents = YES;
				INFOPLIST_KEY_UILaunchScreen_Generation = YES;
				INFOPLIST_KEY_UISupportedInterfaceOrientations = UIInterfaceOrientationPortrait;
				INFOPLIST_KEY_UISupportedInterfaceOrientations_iPad = "UIInterfaceOrientationPortrait UIInterfaceOrientationPortraitUpsideDown UIInterfaceOrientationLandscapeLeft UIInterfaceOrientationLandscapeRight";
				INFOPLIST_KEY_UISupportedInterfaceOrientations_iPhone = "UIInterfaceOrientationPortrait UIInterfaceOrientationLandscapeLeft UIInterfaceOrientationLandscapeRight";
				IPHONEOS_DEPLOYMENT_TARGET = 15.0;
				LD_RUNPATH_SEARCH_PATHS = (
					"$(inherited)",
					"@executable_path/Frameworks",
				);
				MARKETING_VERSION = 1.1.1;
				PRODUCT_BUNDLE_IDENTIFIER = me.dejajackson.GovLab;
				PRODUCT_NAME = "$(TARGET_NAME)";
				SWIFT_EMIT_LOC_STRINGS = YES;
				SWIFT_VERSION = 5.0;
				TARGETED_DEVICE_FAMILY = "1,2";
			};
			name = Release;
		};
		009CE5252899CA8B00796313 /* Debug */ = {
			isa = XCBuildConfiguration;
			buildSettings = {
				ALWAYS_EMBED_SWIFT_STANDARD_LIBRARIES = YES;
				BUNDLE_LOADER = "$(TEST_HOST)";
				CODE_SIGN_STYLE = Automatic;
				CURRENT_PROJECT_VERSION = 1;
				DEVELOPMENT_TEAM = 85Q84CPFAN;
				GENERATE_INFOPLIST_FILE = YES;
				IPHONEOS_DEPLOYMENT_TARGET = 15.2;
				MARKETING_VERSION = 1.0;
				PRODUCT_BUNDLE_IDENTIFIER = me.dejajackson.Peer2PowerTests;
				PRODUCT_NAME = "$(TARGET_NAME)";
				SWIFT_EMIT_LOC_STRINGS = NO;
				SWIFT_VERSION = 5.0;
				TARGETED_DEVICE_FAMILY = "1,2";
				TEST_HOST = "$(BUILT_PRODUCTS_DIR)/Peer2Power.app/Peer2Power";
			};
			name = Debug;
		};
		009CE5262899CA8B00796313 /* Release */ = {
			isa = XCBuildConfiguration;
			buildSettings = {
				ALWAYS_EMBED_SWIFT_STANDARD_LIBRARIES = YES;
				BUNDLE_LOADER = "$(TEST_HOST)";
				CODE_SIGN_STYLE = Automatic;
				CURRENT_PROJECT_VERSION = 1;
				DEVELOPMENT_TEAM = 85Q84CPFAN;
				GENERATE_INFOPLIST_FILE = YES;
				IPHONEOS_DEPLOYMENT_TARGET = 15.2;
				MARKETING_VERSION = 1.0;
				PRODUCT_BUNDLE_IDENTIFIER = me.dejajackson.Peer2PowerTests;
				PRODUCT_NAME = "$(TARGET_NAME)";
				SWIFT_EMIT_LOC_STRINGS = NO;
				SWIFT_VERSION = 5.0;
				TARGETED_DEVICE_FAMILY = "1,2";
				TEST_HOST = "$(BUILT_PRODUCTS_DIR)/Peer2Power.app/Peer2Power";
			};
			name = Release;
		};
		009CE5282899CA8B00796313 /* Debug */ = {
			isa = XCBuildConfiguration;
			buildSettings = {
				ALWAYS_EMBED_SWIFT_STANDARD_LIBRARIES = YES;
				CODE_SIGN_STYLE = Automatic;
				CURRENT_PROJECT_VERSION = 1;
				DEVELOPMENT_TEAM = 85Q84CPFAN;
				GENERATE_INFOPLIST_FILE = YES;
				MARKETING_VERSION = 1.0;
				PRODUCT_BUNDLE_IDENTIFIER = me.dejajackson.Peer2PowerUITests;
				PRODUCT_NAME = "$(TARGET_NAME)";
				SWIFT_EMIT_LOC_STRINGS = NO;
				SWIFT_VERSION = 5.0;
				TARGETED_DEVICE_FAMILY = "1,2";
				TEST_TARGET_NAME = Peer2Power;
			};
			name = Debug;
		};
		009CE5292899CA8B00796313 /* Release */ = {
			isa = XCBuildConfiguration;
			buildSettings = {
				ALWAYS_EMBED_SWIFT_STANDARD_LIBRARIES = YES;
				CODE_SIGN_STYLE = Automatic;
				CURRENT_PROJECT_VERSION = 1;
				DEVELOPMENT_TEAM = 85Q84CPFAN;
				GENERATE_INFOPLIST_FILE = YES;
				MARKETING_VERSION = 1.0;
				PRODUCT_BUNDLE_IDENTIFIER = me.dejajackson.Peer2PowerUITests;
				PRODUCT_NAME = "$(TARGET_NAME)";
				SWIFT_EMIT_LOC_STRINGS = NO;
				SWIFT_VERSION = 5.0;
				TARGETED_DEVICE_FAMILY = "1,2";
				TEST_TARGET_NAME = Peer2Power;
			};
			name = Release;
		};
/* End XCBuildConfiguration section */

/* Begin XCConfigurationList section */
		009CE4F82899CA8500796313 /* Build configuration list for PBXProject "Peer2Power" */ = {
			isa = XCConfigurationList;
			buildConfigurations = (
				009CE51F2899CA8B00796313 /* Debug */,
				009CE5202899CA8B00796313 /* Release */,
			);
			defaultConfigurationIsVisible = 0;
			defaultConfigurationName = Release;
		};
		009CE5212899CA8B00796313 /* Build configuration list for PBXNativeTarget "Peer2Power" */ = {
			isa = XCConfigurationList;
			buildConfigurations = (
				009CE5222899CA8B00796313 /* Debug */,
				009CE5232899CA8B00796313 /* Release */,
			);
			defaultConfigurationIsVisible = 0;
			defaultConfigurationName = Release;
		};
		009CE5242899CA8B00796313 /* Build configuration list for PBXNativeTarget "Peer2PowerTests" */ = {
			isa = XCConfigurationList;
			buildConfigurations = (
				009CE5252899CA8B00796313 /* Debug */,
				009CE5262899CA8B00796313 /* Release */,
			);
			defaultConfigurationIsVisible = 0;
			defaultConfigurationName = Release;
		};
		009CE5272899CA8B00796313 /* Build configuration list for PBXNativeTarget "Peer2PowerUITests" */ = {
			isa = XCConfigurationList;
			buildConfigurations = (
				009CE5282899CA8B00796313 /* Debug */,
				009CE5292899CA8B00796313 /* Release */,
			);
			defaultConfigurationIsVisible = 0;
			defaultConfigurationName = Release;
		};
/* End XCConfigurationList section */

/* Begin XCRemoteSwiftPackageReference section */
		0094744328C01CBA00D50140 /* XCRemoteSwiftPackageReference "firebase-ios-sdk" */ = {
			isa = XCRemoteSwiftPackageReference;
			repositoryURL = "https://github.com/firebase/firebase-ios-sdk";
			requirement = {
				kind = upToNextMajorVersion;
				minimumVersion = 9.0.0;
			};
		};
		009CE5332899F20C00796313 /* XCRemoteSwiftPackageReference "realm-swift" */ = {
			isa = XCRemoteSwiftPackageReference;
			repositoryURL = "https://github.com/realm/realm-swift";
			requirement = {
				kind = upToNextMajorVersion;
				minimumVersion = 10.28.0;
			};
		};
		00FCBCC929204AC9005CA8F1 /* XCRemoteSwiftPackageReference "AlertToast" */ = {
			isa = XCRemoteSwiftPackageReference;
			repositoryURL = "https://github.com/elai950/AlertToast";
			requirement = {
				branch = master;
				kind = branch;
			};
		};
/* End XCRemoteSwiftPackageReference section */

/* Begin XCSwiftPackageProductDependency section */
		0094744428C01CBA00D50140 /* FirebaseMessaging */ = {
			isa = XCSwiftPackageProductDependency;
			package = 0094744328C01CBA00D50140 /* XCRemoteSwiftPackageReference "firebase-ios-sdk" */;
			productName = FirebaseMessaging;
		};
		0094744628C01CBA00D50140 /* FirebaseRemoteConfig */ = {
			isa = XCSwiftPackageProductDependency;
			package = 0094744328C01CBA00D50140 /* XCRemoteSwiftPackageReference "firebase-ios-sdk" */;
			productName = FirebaseRemoteConfig;
		};
		0094744828C01CBA00D50140 /* FirebaseRemoteConfigSwift */ = {
			isa = XCSwiftPackageProductDependency;
			package = 0094744328C01CBA00D50140 /* XCRemoteSwiftPackageReference "firebase-ios-sdk" */;
			productName = FirebaseRemoteConfigSwift;
		};
		009CE5342899F20C00796313 /* Realm */ = {
			isa = XCSwiftPackageProductDependency;
			package = 009CE5332899F20C00796313 /* XCRemoteSwiftPackageReference "realm-swift" */;
			productName = Realm;
		};
		009CE5362899F20C00796313 /* RealmSwift */ = {
			isa = XCSwiftPackageProductDependency;
			package = 009CE5332899F20C00796313 /* XCRemoteSwiftPackageReference "realm-swift" */;
			productName = RealmSwift;
		};
		00FCBCCA29204AC9005CA8F1 /* AlertToast */ = {
			isa = XCSwiftPackageProductDependency;
			package = 00FCBCC929204AC9005CA8F1 /* XCRemoteSwiftPackageReference "AlertToast" */;
			productName = AlertToast;
		};
/* End XCSwiftPackageProductDependency section */
	};
	rootObject = 009CE4F52899CA8500796313 /* Project object */;
}
